
Microsoft Visual Studio Solution File, Format Version 12.00
# Visual Studio 2013
VisualStudioVersion = 12.0.40629.0
MinimumVisualStudioVersion = 10.0.40219.1
Project("{2150E333-8FDC-42A3-9474-1A3956D46DE8}") = ".nuget", ".nuget", "{205DB9EE-75F2-4A50-AD05-45C7C4A7D1E1}"
	ProjectSection(SolutionItems) = preProject
		.nuget\packages.config = .nuget\packages.config
	EndProjectSection
EndProject
Project("{FAE04EC0-301F-11D3-BF4B-00C04F79EFBC}") = "ExchangeTools.Core", "ExchangeTools.Core\ExchangeTools.Core.csproj", "{0A85C88D-F9C8-458A-B376-289019F2A3B9}"
EndProject
Project("{FAE04EC0-301F-11D3-BF4B-00C04F79EFBC}") = "ExchangeTools.Core.Tests", "ExchangeTools.Core.Tests\ExchangeTools.Core.Tests.csproj", "{580C99AF-FFE2-4FE6-B182-DB9709B7C18C}"
EndProject
Project("{FAE04EC0-301F-11D3-BF4B-00C04F79EFBC}") = "ExchangeTools.OofScheduler", "ExchangeTools.OofScheduler\ExchangeTools.OofScheduler.csproj", "{5A644F30-968A-4C06-AB04-4464CEA5FF2D}"
EndProject
Project("{FAE04EC0-301F-11D3-BF4B-00C04F79EFBC}") = "ExchangeTools.OofScheduler.Tests", "ExchangeTools.OofScheduler.Tests\ExchangeTools.OofScheduler.Tests.csproj", "{F9BA8DB0-9169-4652-B6A4-95B98E121A7A}"
EndProject
Global
	GlobalSection(SolutionConfigurationPlatforms) = preSolution
		Debug|Any CPU = Debug|Any CPU
		Release|Any CPU = Release|Any CPU
	EndGlobalSection
	GlobalSection(ProjectConfigurationPlatforms) = postSolution
		{0A85C88D-F9C8-458A-B376-289019F2A3B9}.Debug|Any CPU.ActiveCfg = Debug|Any CPU
		{0A85C88D-F9C8-458A-B376-289019F2A3B9}.Debug|Any CPU.Build.0 = Debug|Any CPU
		{0A85C88D-F9C8-458A-B376-289019F2A3B9}.Release|Any CPU.ActiveCfg = Release|Any CPU
		{0A85C88D-F9C8-458A-B376-289019F2A3B9}.Release|Any CPU.Build.0 = Release|Any CPU
		{580C99AF-FFE2-4FE6-B182-DB9709B7C18C}.Debug|Any CPU.ActiveCfg = Debug|Any CPU
		{580C99AF-FFE2-4FE6-B182-DB9709B7C18C}.Debug|Any CPU.Build.0 = Debug|Any CPU
		{580C99AF-FFE2-4FE6-B182-DB9709B7C18C}.Release|Any CPU.ActiveCfg = Release|Any CPU
		{580C99AF-FFE2-4FE6-B182-DB9709B7C18C}.Release|Any CPU.Build.0 = Release|Any CPU
		{5A644F30-968A-4C06-AB04-4464CEA5FF2D}.Debug|Any CPU.ActiveCfg = Debug|Any CPU
		{5A644F30-968A-4C06-AB04-4464CEA5FF2D}.Debug|Any CPU.Build.0 = Debug|Any CPU
		{5A644F30-968A-4C06-AB04-4464CEA5FF2D}.Release|Any CPU.ActiveCfg = Release|Any CPU
		{5A644F30-968A-4C06-AB04-4464CEA5FF2D}.Release|Any CPU.Build.0 = Release|Any CPU
		{F9BA8DB0-9169-4652-B6A4-95B98E121A7A}.Debug|Any CPU.ActiveCfg = Debug|Any CPU
		{F9BA8DB0-9169-4652-B6A4-95B98E121A7A}.Debug|Any CPU.Build.0 = Debug|Any CPU
		{F9BA8DB0-9169-4652-B6A4-95B98E121A7A}.Release|Any CPU.ActiveCfg = Release|Any CPU
		{F9BA8DB0-9169-4652-B6A4-95B98E121A7A}.Release|Any CPU.Build.0 = Release|Any CPU
	EndGlobalSection
	GlobalSection(SolutionProperties) = preSolution
		HideSolutionNode = FALSE
	EndGlobalSection
EndGlobal
